
Microsoft Visual Studio Solution File, Format Version 12.00
# Visual Studio Version 17
VisualStudioVersion = 17.1.32319.34
MinimumVisualStudioVersion = 10.0.40219.1
Project("{FAE04EC0-301F-11D3-BF4B-00C04F79EFBC}") = "NLogProject", "NLogProject.csproj", "{ECB25DFA-5699-4140-B999-F93F0230EA5B}"
EndProject
Global
	GlobalSection(SolutionConfigurationPlatforms) = preSolution
		Debug|Any CPU = Debug|Any CPU
		Release|Any CPU = Release|Any CPU
	EndGlobalSection
	GlobalSection(ProjectConfigurationPlatforms) = postSolution
		{ECB25DFA-5699-4140-B999-F93F0230EA5B}.Debug|Any CPU.ActiveCfg = Debug|Any CPU
		{ECB25DFA-5699-4140-B999-F93F0230EA5B}.Debug|Any CPU.Build.0 = Debug|Any CPU
		{ECB25DFA-5699-4140-B999-F93F0230EA5B}.Release|Any CPU.ActiveCfg = Release|Any CPU
		{ECB25DFA-5699-4140-B999-F93F0230EA5B}.Release|Any CPU.Build.0 = Release|Any CPU
	EndGlobalSection
	GlobalSection(SolutionProperties) = preSolution
		HideSolutionNode = FALSE
	EndGlobalSection
	GlobalSection(ExtensibilityGlobals) = postSolution
		SolutionGuid = {BFF5E05F-F652-47FA-9496-84ECF9705D59}
	EndGlobalSection
EndGlobal
